// !$*UTF8*$!
{
	archiveVersion = 1;
	classes = {
	};
	objectVersion = 50;
	objects = {

/* Begin PBXBuildFile section */
		046B87A221A2AAEA007A3AF5 /* ViewController.m in Sources */ = {isa = PBXBuildFile; fileRef = 046B87A121A2AAEA007A3AF5 /* ViewController.m */; };
		046B87A521A2AAEA007A3AF5 /* Main.storyboard in Resources */ = {isa = PBXBuildFile; fileRef = 046B87A321A2AAEA007A3AF5 /* Main.storyboard */; };
		046B87A721A2AAEB007A3AF5 /* Assets.xcassets in Resources */ = {isa = PBXBuildFile; fileRef = 046B87A621A2AAEB007A3AF5 /* Assets.xcassets */; };
		046B87AA21A2AAEB007A3AF5 /* LaunchScreen.storyboard in Resources */ = {isa = PBXBuildFile; fileRef = 046B87A821A2AAEB007A3AF5 /* LaunchScreen.storyboard */; };
		046B87BA21A2ACFF007A3AF5 /* main.m in Sources */ = {isa = PBXBuildFile; fileRef = 046B87B621A2ACFF007A3AF5 /* main.m */; };
		046B87BB21A2ACFF007A3AF5 /* AppDelegate.m in Sources */ = {isa = PBXBuildFile; fileRef = 046B87B721A2ACFF007A3AF5 /* AppDelegate.m */; };
		046B87BE21A2AEE0007A3AF5 /* Info.plist in Resources */ = {isa = PBXBuildFile; fileRef = 046B87BD21A2AEE0007A3AF5 /* Info.plist */; };
		68E637C921A3DD600036CD86 /* HRGBaseViewController.m in Sources */ = {isa = PBXBuildFile; fileRef = 68E637C821A3DD600036CD86 /* HRGBaseViewController.m */; };
		9DB7873EA0EC815403AB4177 /* libPods-HRGIOM.a in Frameworks */ = {isa = PBXBuildFile; fileRef = 274AD9B561743980EE1F2122 /* libPods-HRGIOM.a */; };
/* End PBXBuildFile section */

/* Begin PBXFileReference section */
		046B879A21A2AAEA007A3AF5 /* HRGIOM.app */ = {isa = PBXFileReference; explicitFileType = wrapper.application; includeInIndex = 0; path = HRGIOM.app; sourceTree = BUILT_PRODUCTS_DIR; };
		046B87A021A2AAEA007A3AF5 /* ViewController.h */ = {isa = PBXFileReference; lastKnownFileType = sourcecode.c.h; path = ViewController.h; sourceTree = "<group>"; };
		046B87A121A2AAEA007A3AF5 /* ViewController.m */ = {isa = PBXFileReference; lastKnownFileType = sourcecode.c.objc; path = ViewController.m; sourceTree = "<group>"; };
		046B87A421A2AAEA007A3AF5 /* Base */ = {isa = PBXFileReference; lastKnownFileType = file.storyboard; name = Base; path = Base.lproj/Main.storyboard; sourceTree = "<group>"; };
		046B87A621A2AAEB007A3AF5 /* Assets.xcassets */ = {isa = PBXFileReference; lastKnownFileType = folder.assetcatalog; path = Assets.xcassets; sourceTree = "<group>"; };
		046B87A921A2AAEB007A3AF5 /* Base */ = {isa = PBXFileReference; lastKnownFileType = file.storyboard; name = Base; path = Base.lproj/LaunchScreen.storyboard; sourceTree = "<group>"; };
		046B87B521A2ACFF007A3AF5 /* AppDelegate.h */ = {isa = PBXFileReference; fileEncoding = 4; lastKnownFileType = sourcecode.c.h; path = AppDelegate.h; sourceTree = "<group>"; };
		046B87B621A2ACFF007A3AF5 /* main.m */ = {isa = PBXFileReference; fileEncoding = 4; lastKnownFileType = sourcecode.c.objc; path = main.m; sourceTree = "<group>"; };
		046B87B721A2ACFF007A3AF5 /* AppDelegate.m */ = {isa = PBXFileReference; fileEncoding = 4; lastKnownFileType = sourcecode.c.objc; path = AppDelegate.m; sourceTree = "<group>"; };
		046B87BD21A2AEE0007A3AF5 /* Info.plist */ = {isa = PBXFileReference; fileEncoding = 4; lastKnownFileType = text.plist.xml; path = Info.plist; sourceTree = "<group>"; };
		1E18A7296F4B782E688EBFE0 /* Pods-HRGIOM.release.xcconfig */ = {isa = PBXFileReference; includeInIndex = 1; lastKnownFileType = text.xcconfig; name = "Pods-HRGIOM.release.xcconfig"; path = "Pods/Target Support Files/Pods-HRGIOM/Pods-HRGIOM.release.xcconfig"; sourceTree = "<group>"; };
		274AD9B561743980EE1F2122 /* libPods-HRGIOM.a */ = {isa = PBXFileReference; explicitFileType = archive.ar; includeInIndex = 0; path = "libPods-HRGIOM.a"; sourceTree = BUILT_PRODUCTS_DIR; };
		68E637C721A3DD600036CD86 /* HRGBaseViewController.h */ = {isa = PBXFileReference; fileEncoding = 4; lastKnownFileType = sourcecode.c.h; path = HRGBaseViewController.h; sourceTree = "<group>"; };
		68E637C821A3DD600036CD86 /* HRGBaseViewController.m */ = {isa = PBXFileReference; fileEncoding = 4; lastKnownFileType = sourcecode.c.objc; path = HRGBaseViewController.m; sourceTree = "<group>"; };
		C509C1E87B6697D8244C3515 /* Pods-HRGIOM.debug.xcconfig */ = {isa = PBXFileReference; includeInIndex = 1; lastKnownFileType = text.xcconfig; name = "Pods-HRGIOM.debug.xcconfig"; path = "Pods/Target Support Files/Pods-HRGIOM/Pods-HRGIOM.debug.xcconfig"; sourceTree = "<group>"; };
/* End PBXFileReference section */

/* Begin PBXFrameworksBuildPhase section */
		046B879721A2AAEA007A3AF5 /* Frameworks */ = {
			isa = PBXFrameworksBuildPhase;
			buildActionMask = 2147483647;
			files = (
				9DB7873EA0EC815403AB4177 /* libPods-HRGIOM.a in Frameworks */,
			);
			runOnlyForDeploymentPostprocessing = 0;
		};
/* End PBXFrameworksBuildPhase section */

/* Begin PBXGroup section */
		046B879121A2AAEA007A3AF5 = {
			isa = PBXGroup;
			children = (
				046B879C21A2AAEA007A3AF5 /* HRGIOM */,
				046B879B21A2AAEA007A3AF5 /* Products */,
				A05968A7515CAF3DE22AE192 /* Pods */,
				535E5E3BA4AD5103DE6CA74E /* Frameworks */,
			);
			sourceTree = "<group>";
		};
		046B879B21A2AAEA007A3AF5 /* Products */ = {
			isa = PBXGroup;
			children = (
				046B879A21A2AAEA007A3AF5 /* HRGIOM.app */,
			);
			name = Products;
			sourceTree = "<group>";
		};
		046B879C21A2AAEA007A3AF5 /* HRGIOM */ = {
			isa = PBXGroup;
			children = (
				046B87B421A2ACFF007A3AF5 /* Main */,
				68E637C621A3DD510036CD86 /* ViewController */,
				046B87A321A2AAEA007A3AF5 /* Main.storyboard */,
				046B87A621A2AAEB007A3AF5 /* Assets.xcassets */,
				046B87A821A2AAEB007A3AF5 /* LaunchScreen.storyboard */,
			);
			path = HRGIOM;
			sourceTree = "<group>";
		};
		046B87B421A2ACFF007A3AF5 /* Main */ = {
			isa = PBXGroup;
			children = (
				046B87BD21A2AEE0007A3AF5 /* Info.plist */,
				046B87B521A2ACFF007A3AF5 /* AppDelegate.h */,
				046B87B721A2ACFF007A3AF5 /* AppDelegate.m */,
				046B87B621A2ACFF007A3AF5 /* main.m */,
			);
			path = Main;
			sourceTree = "<group>";
		};
		535E5E3BA4AD5103DE6CA74E /* Frameworks */ = {
			isa = PBXGroup;
			children = (
				274AD9B561743980EE1F2122 /* libPods-HRGIOM.a */,
			);
			name = Frameworks;
			sourceTree = "<group>";
		};
		68E637C621A3DD510036CD86 /* ViewController */ = {
			isa = PBXGroup;
			children = (
				68E637C721A3DD600036CD86 /* HRGBaseViewController.h */,
				68E637C821A3DD600036CD86 /* HRGBaseViewController.m */,
				046B87A021A2AAEA007A3AF5 /* ViewController.h */,
				046B87A121A2AAEA007A3AF5 /* ViewController.m */,
			);
			path = ViewController;
			sourceTree = "<group>";
		};
		A05968A7515CAF3DE22AE192 /* Pods */ = {
			isa = PBXGroup;
			children = (
				C509C1E87B6697D8244C3515 /* Pods-HRGIOM.debug.xcconfig */,
				1E18A7296F4B782E688EBFE0 /* Pods-HRGIOM.release.xcconfig */,
			);
			name = Pods;
			sourceTree = "<group>";
		};
/* End PBXGroup section */

/* Begin PBXNativeTarget section */
		046B879921A2AAEA007A3AF5 /* HRGIOM */ = {
			isa = PBXNativeTarget;
			buildConfigurationList = 046B87B021A2AAEB007A3AF5 /* Build configuration list for PBXNativeTarget "HRGIOM" */;
			buildPhases = (
				2AC2EAAA1A23223362BB8016 /* [CP] Check Pods Manifest.lock */,
				046B879621A2AAEA007A3AF5 /* Sources */,
				046B879721A2AAEA007A3AF5 /* Frameworks */,
				046B879821A2AAEA007A3AF5 /* Resources */,
				F6CD27414B8BFC2F142A90A6 /* [CP] Copy Pods Resources */,
			);
			buildRules = (
			);
			dependencies = (
			);
			name = HRGIOM;
			productName = HRGIOM;
			productReference = 046B879A21A2AAEA007A3AF5 /* HRGIOM.app */;
			productType = "com.apple.product-type.application";
		};
/* End PBXNativeTarget section */

/* Begin PBXProject section */
		046B879221A2AAEA007A3AF5 /* Project object */ = {
			isa = PBXProject;
			attributes = {
				LastUpgradeCheck = 1010;
				ORGANIZATIONNAME = HRG;
				TargetAttributes = {
					046B879921A2AAEA007A3AF5 = {
						CreatedOnToolsVersion = 10.1;
					};
				};
			};
			buildConfigurationList = 046B879521A2AAEA007A3AF5 /* Build configuration list for PBXProject "HRGIOM" */;
			compatibilityVersion = "Xcode 9.3";
			developmentRegion = en;
			hasScannedForEncodings = 0;
			knownRegions = (
				en,
				Base,
			);
			mainGroup = 046B879121A2AAEA007A3AF5;
			productRefGroup = 046B879B21A2AAEA007A3AF5 /* Products */;
			projectDirPath = "";
			projectRoot = "";
			targets = (
				046B879921A2AAEA007A3AF5 /* HRGIOM */,
			);
		};
/* End PBXProject section */

/* Begin PBXResourcesBuildPhase section */
		046B879821A2AAEA007A3AF5 /* Resources */ = {
			isa = PBXResourcesBuildPhase;
			buildActionMask = 2147483647;
			files = (
				046B87BE21A2AEE0007A3AF5 /* Info.plist in Resources */,
				046B87AA21A2AAEB007A3AF5 /* LaunchScreen.storyboard in Resources */,
				046B87A721A2AAEB007A3AF5 /* Assets.xcassets in Resources */,
				046B87A521A2AAEA007A3AF5 /* Main.storyboard in Resources */,
			);
			runOnlyForDeploymentPostprocessing = 0;
		};
/* End PBXResourcesBuildPhase section */

/* Begin PBXShellScriptBuildPhase section */
		2AC2EAAA1A23223362BB8016 /* [CP] Check Pods Manifest.lock */ = {
			isa = PBXShellScriptBuildPhase;
			buildActionMask = 2147483647;
			files = (
			);
			inputPaths = (
				"${PODS_PODFILE_DIR_PATH}/Podfile.lock",
				"${PODS_ROOT}/Manifest.lock",
			);
			name = "[CP] Check Pods Manifest.lock";
			outputPaths = (
				"$(DERIVED_FILE_DIR)/Pods-HRGIOM-checkManifestLockResult.txt",
			);
			runOnlyForDeploymentPostprocessing = 0;
			shellPath = /bin/sh;
			shellScript = "diff \"${PODS_PODFILE_DIR_PATH}/Podfile.lock\" \"${PODS_ROOT}/Manifest.lock\" > /dev/null\nif [ $? != 0 ] ; then\n    # print error to STDERR\n    echo \"error: The sandbox is not in sync with the Podfile.lock. Run 'pod install' or update your CocoaPods installation.\" >&2\n    exit 1\nfi\n# This output is used by Xcode 'outputs' to avoid re-running this script phase.\necho \"SUCCESS\" > \"${SCRIPT_OUTPUT_FILE_0}\"\n";
			showEnvVarsInLog = 0;
		};
		F6CD27414B8BFC2F142A90A6 /* [CP] Copy Pods Resources */ = {
			isa = PBXShellScriptBuildPhase;
			buildActionMask = 2147483647;
			files = (
			);
			inputPaths = (
				"${SRCROOT}/Pods/Target Support Files/Pods-HRGIOM/Pods-HRGIOM-resources.sh",
				"${PODS_CONFIGURATION_BUILD_DIR}/HRGAccount/HRGAccount.bundle",
				"${PODS_CONFIGURATION_BUILD_DIR}/HRGCustomView/HRGCustomView.bundle",
				"${PODS_ROOT}/MJRefresh/MJRefresh/MJRefresh.bundle",
			);
			name = "[CP] Copy Pods Resources";
			outputPaths = (
				"${TARGET_BUILD_DIR}/${UNLOCALIZED_RESOURCES_FOLDER_PATH}/HRGAccount.bundle",
				"${TARGET_BUILD_DIR}/${UNLOCALIZED_RESOURCES_FOLDER_PATH}/HRGCustomView.bundle",
				"${TARGET_BUILD_DIR}/${UNLOCALIZED_RESOURCES_FOLDER_PATH}/MJRefresh.bundle",
			);
			runOnlyForDeploymentPostprocessing = 0;
			shellPath = /bin/sh;
			shellScript = "\"${SRCROOT}/Pods/Target Support Files/Pods-HRGIOM/Pods-HRGIOM-resources.sh\"\n";
			showEnvVarsInLog = 0;
		};
/* End PBXShellScriptBuildPhase section */

/* Begin PBXSourcesBuildPhase section */
		046B879621A2AAEA007A3AF5 /* Sources */ = {
			isa = PBXSourcesBuildPhase;
			buildActionMask = 2147483647;
			files = (
				046B87BA21A2ACFF007A3AF5 /* main.m in Sources */,
				68E637C921A3DD600036CD86 /* HRGBaseViewController.m in Sources */,
				046B87A221A2AAEA007A3AF5 /* ViewController.m in Sources */,
				046B87BB21A2ACFF007A3AF5 /* AppDelegate.m in Sources */,
			);
			runOnlyForDeploymentPostprocessing = 0;
		};
/* End PBXSourcesBuildPhase section */

/* Begin PBXVariantGroup section */
		046B87A321A2AAEA007A3AF5 /* Main.storyboard */ = {
			isa = PBXVariantGroup;
			children = (
				046B87A421A2AAEA007A3AF5 /* Base */,
			);
			name = Main.storyboard;
			sourceTree = "<group>";
		};
		046B87A821A2AAEB007A3AF5 /* LaunchScreen.storyboard */ = {
			isa = PBXVariantGroup;
			children = (
				046B87A921A2AAEB007A3AF5 /* Base */,
			);
			name = LaunchScreen.storyboard;
			sourceTree = "<group>";
		};
/* End PBXVariantGroup section */

/* Begin XCBuildConfiguration section */
		046B87AE21A2AAEB007A3AF5 /* Debug */ = {
			isa = XCBuildConfiguration;
			buildSettings = {
				ALWAYS_SEARCH_USER_PATHS = NO;
				CLANG_ANALYZER_NONNULL = YES;
				CLANG_ANALYZER_NUMBER_OBJECT_CONVERSION = YES_AGGRESSIVE;
				CLANG_CXX_LANGUAGE_STANDARD = "gnu++14";
				CLANG_CXX_LIBRARY = "libc++";
				CLANG_ENABLE_MODULES = YES;
				CLANG_ENABLE_OBJC_ARC = YES;
				CLANG_ENABLE_OBJC_WEAK = YES;
				CLANG_WARN_BLOCK_CAPTURE_AUTORELEASING = YES;
				CLANG_WARN_BOOL_CONVERSION = YES;
				CLANG_WARN_COMMA = YES;
				CLANG_WARN_CONSTANT_CONVERSION = YES;
				CLANG_WARN_DEPRECATED_OBJC_IMPLEMENTATIONS = YES;
				CLANG_WARN_DIRECT_OBJC_ISA_USAGE = YES_ERROR;
				CLANG_WARN_DOCUMENTATION_COMMENTS = YES;
				CLANG_WARN_EMPTY_BODY = YES;
				CLANG_WARN_ENUM_CONVERSION = YES;
				CLANG_WARN_INFINITE_RECURSION = YES;
				CLANG_WARN_INT_CONVERSION = YES;
				CLANG_WARN_NON_LITERAL_NULL_CONVERSION = YES;
				CLANG_WARN_OBJC_IMPLICIT_RETAIN_SELF = YES;
				CLANG_WARN_OBJC_LITERAL_CONVERSION = YES;
				CLANG_WARN_OBJC_ROOT_CLASS = YES_ERROR;
				CLANG_WARN_RANGE_LOOP_ANALYSIS = YES;
				CLANG_WARN_STRICT_PROTOTYPES = YES;
				CLANG_WARN_SUSPICIOUS_MOVE = YES;
				CLANG_WARN_UNGUARDED_AVAILABILITY = YES_AGGRESSIVE;
				CLANG_WARN_UNREACHABLE_CODE = YES;
				CLANG_WARN__DUPLICATE_METHOD_MATCH = YES;
				CODE_SIGN_IDENTITY = "iPhone Developer";
				COPY_PHASE_STRIP = NO;
				DEBUG_INFORMATION_FORMAT = dwarf;
				ENABLE_STRICT_OBJC_MSGSEND = YES;
				ENABLE_TESTABILITY = YES;
				GCC_C_LANGUAGE_STANDARD = gnu11;
				GCC_DYNAMIC_NO_PIC = NO;
				GCC_NO_COMMON_BLOCKS = YES;
				GCC_OPTIMIZATION_LEVEL = 0;
				GCC_PREPROCESSOR_DEFINITIONS = (
					"DEBUG=1",
					"$(inherited)",
				);
				GCC_WARN_64_TO_32_BIT_CONVERSION = YES;
				GCC_WARN_ABOUT_RETURN_TYPE = YES_ERROR;
				GCC_WARN_UNDECLARED_SELECTOR = YES;
				GCC_WARN_UNINITIALIZED_AUTOS = YES_AGGRESSIVE;
				GCC_WARN_UNUSED_FUNCTION = YES;
				GCC_WARN_UNUSED_VARIABLE = YES;
				IPHONEOS_DEPLOYMENT_TARGET = 12.1;
				MTL_ENABLE_DEBUG_INFO = INCLUDE_SOURCE;
				MTL_FAST_MATH = YES;
				ONLY_ACTIVE_ARCH = YES;
				SDKROOT = iphoneos;
			};
			name = Debug;
		};
		046B87AF21A2AAEB007A3AF5 /* Release */ = {
			isa = XCBuildConfiguration;
			buildSettings = {
				ALWAYS_SEARCH_USER_PATHS = NO;
				CLANG_ANALYZER_NONNULL = YES;
				CLANG_ANALYZER_NUMBER_OBJECT_CONVERSION = YES_AGGRESSIVE;
				CLANG_CXX_LANGUAGE_STANDARD = "gnu++14";
				CLANG_CXX_LIBRARY = "libc++";
				CLANG_ENABLE_MODULES = YES;
				CLANG_ENABLE_OBJC_ARC = YES;
				CLANG_ENABLE_OBJC_WEAK = YES;
				CLANG_WARN_BLOCK_CAPTURE_AUTORELEASING = YES;
				CLANG_WARN_BOOL_CONVERSION = YES;
				CLANG_WARN_COMMA = YES;
				CLANG_WARN_CONSTANT_CONVERSION = YES;
				CLANG_WARN_DEPRECATED_OBJC_IMPLEMENTATIONS = YES;
				CLANG_WARN_DIRECT_OBJC_ISA_USAGE = YES_ERROR;
				CLANG_WARN_DOCUMENTATION_COMMENTS = YES;
				CLANG_WARN_EMPTY_BODY = YES;
				CLANG_WARN_ENUM_CONVERSION = YES;
				CLANG_WARN_INFINITE_RECURSION = YES;
				CLANG_WARN_INT_CONVERSION = YES;
				CLANG_WARN_NON_LITERAL_NULL_CONVERSION = YES;
				CLANG_WARN_OBJC_IMPLICIT_RETAIN_SELF = YES;
				CLANG_WARN_OBJC_LITERAL_CONVERSION = YES;
				CLANG_WARN_OBJC_ROOT_CLASS = YES_ERROR;
				CLANG_WARN_RANGE_LOOP_ANALYSIS = YES;
				CLANG_WARN_STRICT_PROTOTYPES = YES;
				CLANG_WARN_SUSPICIOUS_MOVE = YES;
				CLANG_WARN_UNGUARDED_AVAILABILITY = YES_AGGRESSIVE;
				CLANG_WARN_UNREACHABLE_CODE = YES;
				CLANG_WARN__DUPLICATE_METHOD_MATCH = YES;
				CODE_SIGN_IDENTITY = "iPhone Developer";
				COPY_PHASE_STRIP = NO;
				DEBUG_INFORMATION_FORMAT = "dwarf-with-dsym";
				ENABLE_NS_ASSERTIONS = NO;
				ENABLE_STRICT_OBJC_MSGSEND = YES;
				GCC_C_LANGUAGE_STANDARD = gnu11;
				GCC_NO_COMMON_BLOCKS = YES;
				GCC_WARN_64_TO_32_BIT_CONVERSION = YES;
				GCC_WARN_ABOUT_RETURN_TYPE = YES_ERROR;
				GCC_WARN_UNDECLARED_SELECTOR = YES;
				GCC_WARN_UNINITIALIZED_AUTOS = YES_AGGRESSIVE;
				GCC_WARN_UNUSED_FUNCTION = YES;
				GCC_WARN_UNUSED_VARIABLE = YES;
				IPHONEOS_DEPLOYMENT_TARGET = 12.1;
				MTL_ENABLE_DEBUG_INFO = NO;
				MTL_FAST_MATH = YES;
				SDKROOT = iphoneos;
				VALIDATE_PRODUCT = YES;
			};
			name = Release;
		};
		046B87B121A2AAEB007A3AF5 /* Debug */ = {
			isa = XCBuildConfiguration;
			baseConfigurationReference = C509C1E87B6697D8244C3515 /* Pods-HRGIOM.debug.xcconfig */;
			buildSettings = {
				ASSETCATALOG_COMPILER_APPICON_NAME = AppIcon;
				CODE_SIGN_STYLE = Automatic;
				DEVELOPMENT_TEAM = GZ5MDHTHF6;
				INFOPLIST_FILE = "$(SRCROOT)/HRGIOM/Main/Info.plist";
				IPHONEOS_DEPLOYMENT_TARGET = 9.0;
				LD_RUNPATH_SEARCH_PATHS = "$(inherited) @executable_path/Frameworks";
				PRODUCT_BUNDLE_IDENTIFIER = com.hrg.lincoos.HRGIOM;
				PRODUCT_NAME = "$(TARGET_NAME)";
				TARGETED_DEVICE_FAMILY = 1;
				WARNING_CFLAGS = "-Wno-ambiguous-macro";
			};
			name = Debug;
		};
		046B87B221A2AAEB007A3AF5 /* Release */ = {
			isa = XCBuildConfiguration;
			baseConfigurationReference = 1E18A7296F4B782E688EBFE0 /* Pods-HRGIOM.release.xcconfig */;
			buildSettings = {
				ASSETCATALOG_COMPILER_APPICON_NAME = AppIcon;
				CODE_SIGN_STYLE = Automatic;
				DEVELOPMENT_TEAM = GZ5MDHTHF6;
				INFOPLIST_FILE = "$(SRCROOT)/HRGIOM/Main/Info.plist";
				IPHONEOS_DEPLOYMENT_TARGET = 9.0;
				LD_RUNPATH_SEARCH_PATHS = "$(inherited) @executable_path/Frameworks";
				PRODUCT_BUNDLE_IDENTIFIER = com.hrg.lincoos.HRGIOM;
				PRODUCT_NAME = "$(TARGET_NAME)";
				TARGETED_DEVICE_FAMILY = 1;
				WARNING_CFLAGS = "-Wno-ambiguous-macro";
			};
			name = Release;
		};
/* End XCBuildConfiguration section */

/* Begin XCConfigurationList section */
		046B879521A2AAEA007A3AF5 /* Build configuration list for PBXProject "HRGIOM" */ = {
			isa = XCConfigurationList;
			buildConfigurations = (
				046B87AE21A2AAEB007A3AF5 /* Debug */,
				046B87AF21A2AAEB007A3AF5 /* Release */,
			);
			defaultConfigurationIsVisible = 0;
			defaultConfigurationName = Release;
		};
		046B87B021A2AAEB007A3AF5 /* Build configuration list for PBXNativeTarget "HRGIOM" */ = {
			isa = XCConfigurationList;
			buildConfigurations = (
				046B87B121A2AAEB007A3AF5 /* Debug */,
				046B87B221A2AAEB007A3AF5 /* Release */,
			);
			defaultConfigurationIsVisible = 0;
			defaultConfigurationName = Release;
		};
/* End XCConfigurationList section */
	};
	rootObject = 046B879221A2AAEA007A3AF5 /* Project object */;
}
